
Microsoft Visual Studio Solution File, Format Version 12.00
# Visual Studio Version 17
VisualStudioVersion = 17.6.33829.357
MinimumVisualStudioVersion = 10.0.40219.1
Project("{FAE04EC0-301F-11D3-BF4B-00C04F79EFBC}") = "CoreAndFood", "CoreAndFood.csproj", "{127897F4-1BE4-40FC-B0D3-E7778FFEFA48}"
EndProject
Global
	GlobalSection(SolutionConfigurationPlatforms) = preSolution
		Debug|Any CPU = Debug|Any CPU
		Release|Any CPU = Release|Any CPU
	EndGlobalSection
	GlobalSection(ProjectConfigurationPlatforms) = postSolution
		{127897F4-1BE4-40FC-B0D3-E7778FFEFA48}.Debug|Any CPU.ActiveCfg = Debug|Any CPU
		{127897F4-1BE4-40FC-B0D3-E7778FFEFA48}.Debug|Any CPU.Build.0 = Debug|Any CPU
		{127897F4-1BE4-40FC-B0D3-E7778FFEFA48}.Release|Any CPU.ActiveCfg = Release|Any CPU
		{127897F4-1BE4-40FC-B0D3-E7778FFEFA48}.Release|Any CPU.Build.0 = Release|Any CPU
	EndGlobalSection
	GlobalSection(SolutionProperties) = preSolution
		HideSolutionNode = FALSE
	EndGlobalSection
	GlobalSection(ExtensibilityGlobals) = postSolution
		SolutionGuid = {507F787C-7848-43E3-8094-CA12A757296D}
	EndGlobalSection
EndGlobal
